
Microsoft Visual Studio Solution File, Format Version 12.00
# Visual Studio Version 17
VisualStudioVersion = 17.8.34525.116
MinimumVisualStudioVersion = 10.0.40219.1
Project("{FAE04EC0-301F-11D3-BF4B-00C04F79EFBC}") = "WebApplication1", "WebApplication1\WebApplication1.csproj", "{4BFC2767-0CDF-4487-8F1D-AD1E9D1B2C20}"
EndProject
Global
	GlobalSection(SolutionConfigurationPlatforms) = preSolution
		Debug|Any CPU = Debug|Any CPU
		Release|Any CPU = Release|Any CPU
	EndGlobalSection
	GlobalSection(ProjectConfigurationPlatforms) = postSolution
		{4BFC2767-0CDF-4487-8F1D-AD1E9D1B2C20}.Debug|Any CPU.ActiveCfg = Debug|Any CPU
		{4BFC2767-0CDF-4487-8F1D-AD1E9D1B2C20}.Debug|Any CPU.Build.0 = Debug|Any CPU
		{4BFC2767-0CDF-4487-8F1D-AD1E9D1B2C20}.Release|Any CPU.ActiveCfg = Release|Any CPU
		{4BFC2767-0CDF-4487-8F1D-AD1E9D1B2C20}.Release|Any CPU.Build.0 = Release|Any CPU
	EndGlobalSection
	GlobalSection(SolutionProperties) = preSolution
		HideSolutionNode = FALSE
	EndGlobalSection
	GlobalSection(ExtensibilityGlobals) = postSolution
		SolutionGuid = {FBC318B9-64FC-476F-A70C-37131CF46849}
	EndGlobalSection
EndGlobal
